{
  "name": "@careyshop/vue-table-export",
  "version": "1.0.2",
  "lockfileVersion": 1,
  "requires": true,
  "dependencies": {
    "export-from-json": {
      "version": "1.1.4",
      "resolved": "https://registry.npmjs.org/export-from-json/-/export-from-json-1.1.4.tgz",
      "integrity": "sha512-AeweL2jI62Hjft1xeLEtmKCYdMDl/KTnuFPPAxIUg9JXlZOy9aGfRgkwGZeXKnECZ8qCHILT15mJw9QZ9/SfFw=="
    }
  }
}
